
Microsoft Visual Studio Solution File, Format Version 12.00
# Visual Studio Version 16
VisualStudioVersion = 16.0.30907.101
MinimumVisualStudioVersion = 10.0.40219.1
Project("{FAE04EC0-301F-11D3-BF4B-00C04F79EFBC}") = "PlayGame", "PlayGame\PlayGame.csproj", "{6418C78A-0BEE-4156-9D16-95D764DC6446}"
EndProject
Global
	GlobalSection(SolutionConfigurationPlatforms) = preSolution
		Debug|Any CPU = Debug|Any CPU
		Release|Any CPU = Release|Any CPU
	EndGlobalSection
	GlobalSection(ProjectConfigurationPlatforms) = postSolution
		{6418C78A-0BEE-4156-9D16-95D764DC6446}.Debug|Any CPU.ActiveCfg = Debug|Any CPU
		{6418C78A-0BEE-4156-9D16-95D764DC6446}.Debug|Any CPU.Build.0 = Debug|Any CPU
		{6418C78A-0BEE-4156-9D16-95D764DC6446}.Release|Any CPU.ActiveCfg = Release|Any CPU
		{6418C78A-0BEE-4156-9D16-95D764DC6446}.Release|Any CPU.Build.0 = Release|Any CPU
	EndGlobalSection
	GlobalSection(SolutionProperties) = preSolution
		HideSolutionNode = FALSE
	EndGlobalSection
	GlobalSection(ExtensibilityGlobals) = postSolution
		SolutionGuid = {D3D15F16-9306-475F-9CB1-888A228BBD64}
	EndGlobalSection
EndGlobal
